
Microsoft Visual Studio Solution File, Format Version 12.00
Project("{FAE04EC0-301F-11D3-BF4B-00C04F79EFBC}") = "SMS.Core", "SMS.Core\SMS.Core.csproj", "{69969A01-165F-4230-94ED-27B916778700}"
EndProject
Global
	GlobalSection(SolutionConfigurationPlatforms) = preSolution
		Debug|Any CPU = Debug|Any CPU
		Release|Any CPU = Release|Any CPU
	EndGlobalSection
	GlobalSection(ProjectConfigurationPlatforms) = postSolution
		{69969A01-165F-4230-94ED-27B916778700}.Debug|Any CPU.ActiveCfg = Debug|Any CPU
		{69969A01-165F-4230-94ED-27B916778700}.Debug|Any CPU.Build.0 = Debug|Any CPU
		{69969A01-165F-4230-94ED-27B916778700}.Release|Any CPU.ActiveCfg = Release|Any CPU
		{69969A01-165F-4230-94ED-27B916778700}.Release|Any CPU.Build.0 = Release|Any CPU
	EndGlobalSection
EndGlobal
